
Microsoft Visual Studio Solution File, Format Version 12.00
# Visual Studio 15
VisualStudioVersion = 15.0.28307.539
MinimumVisualStudioVersion = 10.0.40219.1
Project("{FAE04EC0-301F-11D3-BF4B-00C04F79EFBC}") = "SOLID.SRP", "SOLID.SRP\SOLID.SRP.csproj", "{F10D35E4-F900-46CB-B828-77A32BD18DE3}"
EndProject
Project("{2150E333-8FDC-42A3-9474-1A3956D46DE8}") = "Solution Items", "Solution Items", "{7FB49C15-3EBD-49C8-8268-8E3D7E476BCC}"
	ProjectSection(SolutionItems) = preProject
		..\Creational.Builder.Builder.cs = ..\Creational.Builder.Builder.cs
		..\Creational.Builder.BuilderFacets.cs = ..\Creational.Builder.BuilderFacets.cs
		..\Creational.Builder.BuilderInheritance.cs = ..\Creational.Builder.BuilderInheritance.cs
		..\Creational.Factories.AbstractFactory.cs = ..\Creational.Factories.AbstractFactory.cs
		..\Creational.Factories.Factory.cs = ..\Creational.Factories.Factory.cs
		..\Creational.Prototype.CopyConstructors.cs = ..\Creational.Prototype.CopyConstructors.cs
		..\Creational.Prototype.CopyThroughSerialization.cs = ..\Creational.Prototype.CopyThroughSerialization.cs
		..\Creational.Prototype.ICloneableIsBad.cs = ..\Creational.Prototype.ICloneableIsBad.cs
		..\Creational.Singleton.Monostate.cs = ..\Creational.Singleton.Monostate.cs
		..\Creational.Singleton.Singleton.cs = ..\Creational.Singleton.Singleton.cs
		..\Creational.Singleton.SingletonInDI.cs = ..\Creational.Singleton.SingletonInDI.cs
		..\ExerciseAnswers.cs = ..\ExerciseAnswers.cs
		..\ExerciseAnswersFabr.cs = ..\ExerciseAnswersFabr.cs
		..\SingletonExerciseAnswers.cs = ..\SingletonExerciseAnswers.cs
		..\SOLID.DIP.cs = ..\SOLID.DIP.cs
		..\SOLID.ISP.cs = ..\SOLID.ISP.cs
		..\SOLID.LSP.cs = ..\SOLID.LSP.cs
		..\4\SOLID.OCP.cs = ..\4\SOLID.OCP.cs
		..\Structural.Adapter.NoCaching.cs = ..\Structural.Adapter.NoCaching.cs
		..\Structural.Adapter.WithCaching.cs = ..\Structural.Adapter.WithCaching.cs
		..\Structural.Bridge.Bridge.cs = ..\Structural.Bridge.Bridge.cs
		..\Bridge.ExerciseAnswers.cs = ..\Bridge.ExerciseAnswers.cs
		..\Structural.Composite.GeometricShapes.cs = ..\Structural.Composite.GeometricShapes.cs
		..\Structural.Composite.NeuralNetworks.cs = ..\Structural.Composite.NeuralNetworks.cs
		..\Structural.Decorator.CodeBuilder.cs = ..\Structural.Decorator.CodeBuilder.cs
		..\Structural.Decorator.AdapterDecorator.cs = ..\Structural.Decorator.AdapterDecorator.cs
		..\Structural.Decorator.MultipleInheritance.cs = ..\Structural.Decorator.MultipleInheritance.cs
		..\Structural.Decorator.Decorator.cs = ..\Structural.Decorator.Decorator.cs
		..\Structural.Flyweight.Users.cs = ..\Structural.Flyweight.Users.cs
		..\Structural.Facade.Exercise.cs = ..\Structural.Facade.Exercise.cs
		..\Structural.Flyweight.TextFormatting.cs = ..\Structural.Flyweight.TextFormatting.cs
	EndProjectSection
EndProject
Project("{FAE04EC0-301F-11D3-BF4B-00C04F79EFBC}") = "BuilderInheritance", "BuilderInheritance\BuilderInheritance.csproj", "{B9D0A10B-2D7F-4BBD-AF40-DCCAF4EBE4F2}"
EndProject
Project("{FAE04EC0-301F-11D3-BF4B-00C04F79EFBC}") = "11. Life without Builder", "Life without Builder\11. Life without Builder.csproj", "{A032B0DD-936A-425E-9573-18D3E7EB09AB}"
EndProject
Project("{FAE04EC0-301F-11D3-BF4B-00C04F79EFBC}") = "Builder", "12. Builder\Builder.csproj", "{2EC72DFD-4451-4FB5-A49A-0132DDCF67FB}"
EndProject
Project("{FAE04EC0-301F-11D3-BF4B-00C04F79EFBC}") = "BuilderCodingExercise", "BuilderCodingExercise\BuilderCodingExercise.csproj", "{BF6BFF5F-73A1-49B9-A615-D9B1C4F0D792}"
EndProject
Project("{FAE04EC0-301F-11D3-BF4B-00C04F79EFBC}") = "AbstractFactory", "AbstractFactory\AbstractFactory.csproj", "{4BA38C72-ACB8-4CCD-8822-ACC2F48FA2BF}"
EndProject
Project("{FAE04EC0-301F-11D3-BF4B-00C04F79EFBC}") = "FactoryCodingExcercise", "FactoryCodingExcercise\FactoryCodingExcercise.csproj", "{CD60CDC5-F158-47D8-8364-60DF6B176502}"
EndProject
Project("{FAE04EC0-301F-11D3-BF4B-00C04F79EFBC}") = "PrototypeCodingExercise", "PrototypeCodingExercise\PrototypeCodingExercise.csproj", "{012FD686-7C66-417D-8AD4-099710250D5E}"
EndProject
Project("{FAE04EC0-301F-11D3-BF4B-00C04F79EFBC}") = "Adapter.Coding.Exercise", "Adapter.Coding.Exercise\Adapter.Coding.Exercise.csproj", "{3B5D9185-FE10-4A3D-AFC7-E6A61B4441A8}"
EndProject
Project("{FAE04EC0-301F-11D3-BF4B-00C04F79EFBC}") = "Bridge Coding Exercise", "Bridge Coding Exercise\Bridge Coding Exercise.csproj", "{F26090CE-43C6-48E8-972B-173C7B68376B}"
EndProject
Project("{FAE04EC0-301F-11D3-BF4B-00C04F79EFBC}") = "Coding Exercise. Composite", "Coding Exercise. Composite\Coding Exercise. Composite.csproj", "{C8DDD7A0-E84E-480B-87D9-D15381BD1597}"
EndProject
Project("{FAE04EC0-301F-11D3-BF4B-00C04F79EFBC}") = "Coding Exercise.Decorator", "Coding Exercise.Decorator\Coding Exercise.Decorator.csproj", "{3B95C032-AA23-4961-84D2-12679693DE62}"
EndProject
Project("{FAE04EC0-301F-11D3-BF4B-00C04F79EFBC}") = "Coding Exercise.Facade", "Coding Exercise.Facade\Coding Exercise.Facade.csproj", "{A01A3D35-B97A-4043-8194-3FE9E8933685}"
EndProject
Global
	GlobalSection(SolutionConfigurationPlatforms) = preSolution
		Debug|Any CPU = Debug|Any CPU
		Release|Any CPU = Release|Any CPU
	EndGlobalSection
	GlobalSection(ProjectConfigurationPlatforms) = postSolution
		{F10D35E4-F900-46CB-B828-77A32BD18DE3}.Debug|Any CPU.ActiveCfg = Debug|Any CPU
		{F10D35E4-F900-46CB-B828-77A32BD18DE3}.Debug|Any CPU.Build.0 = Debug|Any CPU
		{F10D35E4-F900-46CB-B828-77A32BD18DE3}.Release|Any CPU.ActiveCfg = Release|Any CPU
		{F10D35E4-F900-46CB-B828-77A32BD18DE3}.Release|Any CPU.Build.0 = Release|Any CPU
		{B9D0A10B-2D7F-4BBD-AF40-DCCAF4EBE4F2}.Debug|Any CPU.ActiveCfg = Debug|Any CPU
		{B9D0A10B-2D7F-4BBD-AF40-DCCAF4EBE4F2}.Debug|Any CPU.Build.0 = Debug|Any CPU
		{B9D0A10B-2D7F-4BBD-AF40-DCCAF4EBE4F2}.Release|Any CPU.ActiveCfg = Release|Any CPU
		{B9D0A10B-2D7F-4BBD-AF40-DCCAF4EBE4F2}.Release|Any CPU.Build.0 = Release|Any CPU
		{A032B0DD-936A-425E-9573-18D3E7EB09AB}.Debug|Any CPU.ActiveCfg = Debug|Any CPU
		{A032B0DD-936A-425E-9573-18D3E7EB09AB}.Debug|Any CPU.Build.0 = Debug|Any CPU
		{A032B0DD-936A-425E-9573-18D3E7EB09AB}.Release|Any CPU.ActiveCfg = Release|Any CPU
		{A032B0DD-936A-425E-9573-18D3E7EB09AB}.Release|Any CPU.Build.0 = Release|Any CPU
		{2EC72DFD-4451-4FB5-A49A-0132DDCF67FB}.Debug|Any CPU.ActiveCfg = Debug|Any CPU
		{2EC72DFD-4451-4FB5-A49A-0132DDCF67FB}.Debug|Any CPU.Build.0 = Debug|Any CPU
		{2EC72DFD-4451-4FB5-A49A-0132DDCF67FB}.Release|Any CPU.ActiveCfg = Release|Any CPU
		{2EC72DFD-4451-4FB5-A49A-0132DDCF67FB}.Release|Any CPU.Build.0 = Release|Any CPU
		{BF6BFF5F-73A1-49B9-A615-D9B1C4F0D792}.Debug|Any CPU.ActiveCfg = Debug|Any CPU
		{BF6BFF5F-73A1-49B9-A615-D9B1C4F0D792}.Debug|Any CPU.Build.0 = Debug|Any CPU
		{BF6BFF5F-73A1-49B9-A615-D9B1C4F0D792}.Release|Any CPU.ActiveCfg = Release|Any CPU
		{BF6BFF5F-73A1-49B9-A615-D9B1C4F0D792}.Release|Any CPU.Build.0 = Release|Any CPU
		{4BA38C72-ACB8-4CCD-8822-ACC2F48FA2BF}.Debug|Any CPU.ActiveCfg = Debug|Any CPU
		{4BA38C72-ACB8-4CCD-8822-ACC2F48FA2BF}.Debug|Any CPU.Build.0 = Debug|Any CPU
		{4BA38C72-ACB8-4CCD-8822-ACC2F48FA2BF}.Release|Any CPU.ActiveCfg = Release|Any CPU
		{4BA38C72-ACB8-4CCD-8822-ACC2F48FA2BF}.Release|Any CPU.Build.0 = Release|Any CPU
		{CD60CDC5-F158-47D8-8364-60DF6B176502}.Debug|Any CPU.ActiveCfg = Debug|Any CPU
		{CD60CDC5-F158-47D8-8364-60DF6B176502}.Debug|Any CPU.Build.0 = Debug|Any CPU
		{CD60CDC5-F158-47D8-8364-60DF6B176502}.Release|Any CPU.ActiveCfg = Release|Any CPU
		{CD60CDC5-F158-47D8-8364-60DF6B176502}.Release|Any CPU.Build.0 = Release|Any CPU
		{012FD686-7C66-417D-8AD4-099710250D5E}.Debug|Any CPU.ActiveCfg = Debug|Any CPU
		{012FD686-7C66-417D-8AD4-099710250D5E}.Debug|Any CPU.Build.0 = Debug|Any CPU
		{012FD686-7C66-417D-8AD4-099710250D5E}.Release|Any CPU.ActiveCfg = Release|Any CPU
		{012FD686-7C66-417D-8AD4-099710250D5E}.Release|Any CPU.Build.0 = Release|Any CPU
		{3B5D9185-FE10-4A3D-AFC7-E6A61B4441A8}.Debug|Any CPU.ActiveCfg = Debug|Any CPU
		{3B5D9185-FE10-4A3D-AFC7-E6A61B4441A8}.Debug|Any CPU.Build.0 = Debug|Any CPU
		{3B5D9185-FE10-4A3D-AFC7-E6A61B4441A8}.Release|Any CPU.ActiveCfg = Release|Any CPU
		{3B5D9185-FE10-4A3D-AFC7-E6A61B4441A8}.Release|Any CPU.Build.0 = Release|Any CPU
		{F26090CE-43C6-48E8-972B-173C7B68376B}.Debug|Any CPU.ActiveCfg = Debug|Any CPU
		{F26090CE-43C6-48E8-972B-173C7B68376B}.Debug|Any CPU.Build.0 = Debug|Any CPU
		{F26090CE-43C6-48E8-972B-173C7B68376B}.Release|Any CPU.ActiveCfg = Release|Any CPU
		{F26090CE-43C6-48E8-972B-173C7B68376B}.Release|Any CPU.Build.0 = Release|Any CPU
		{C8DDD7A0-E84E-480B-87D9-D15381BD1597}.Debug|Any CPU.ActiveCfg = Debug|Any CPU
		{C8DDD7A0-E84E-480B-87D9-D15381BD1597}.Debug|Any CPU.Build.0 = Debug|Any CPU
		{C8DDD7A0-E84E-480B-87D9-D15381BD1597}.Release|Any CPU.ActiveCfg = Release|Any CPU
		{C8DDD7A0-E84E-480B-87D9-D15381BD1597}.Release|Any CPU.Build.0 = Release|Any CPU
		{3B95C032-AA23-4961-84D2-12679693DE62}.Debug|Any CPU.ActiveCfg = Debug|Any CPU
		{3B95C032-AA23-4961-84D2-12679693DE62}.Debug|Any CPU.Build.0 = Debug|Any CPU
		{3B95C032-AA23-4961-84D2-12679693DE62}.Release|Any CPU.ActiveCfg = Release|Any CPU
		{3B95C032-AA23-4961-84D2-12679693DE62}.Release|Any CPU.Build.0 = Release|Any CPU
		{A01A3D35-B97A-4043-8194-3FE9E8933685}.Debug|Any CPU.ActiveCfg = Debug|Any CPU
		{A01A3D35-B97A-4043-8194-3FE9E8933685}.Debug|Any CPU.Build.0 = Debug|Any CPU
		{A01A3D35-B97A-4043-8194-3FE9E8933685}.Release|Any CPU.ActiveCfg = Release|Any CPU
		{A01A3D35-B97A-4043-8194-3FE9E8933685}.Release|Any CPU.Build.0 = Release|Any CPU
	EndGlobalSection
	GlobalSection(SolutionProperties) = preSolution
		HideSolutionNode = FALSE
	EndGlobalSection
	GlobalSection(ExtensibilityGlobals) = postSolution
		SolutionGuid = {D33FCF30-01ED-4C75-A1BE-AE5D61B0F6B7}
	EndGlobalSection
EndGlobal
