
Microsoft Visual Studio Solution File, Format Version 12.00
# Visual Studio 15
VisualStudioVersion = 15.0.28307.539
MinimumVisualStudioVersion = 10.0.40219.1
Project("{FAE04EC0-301F-11D3-BF4B-00C04F79EFBC}") = "Project1", "Project1\Project1.csproj", "{A72B1FDD-C543-4C05-AB48-7FE44A44D422}"
EndProject
Global
	GlobalSection(SolutionConfigurationPlatforms) = preSolution
		Debug|Any CPU = Debug|Any CPU
		Release|Any CPU = Release|Any CPU
	EndGlobalSection
	GlobalSection(ProjectConfigurationPlatforms) = postSolution
		{A72B1FDD-C543-4C05-AB48-7FE44A44D422}.Debug|Any CPU.ActiveCfg = Debug|Any CPU
		{A72B1FDD-C543-4C05-AB48-7FE44A44D422}.Debug|Any CPU.Build.0 = Debug|Any CPU
		{A72B1FDD-C543-4C05-AB48-7FE44A44D422}.Release|Any CPU.ActiveCfg = Release|Any CPU
		{A72B1FDD-C543-4C05-AB48-7FE44A44D422}.Release|Any CPU.Build.0 = Release|Any CPU
	EndGlobalSection
	GlobalSection(SolutionProperties) = preSolution
		HideSolutionNode = FALSE
	EndGlobalSection
	GlobalSection(ExtensibilityGlobals) = postSolution
		SolutionGuid = {D33FCF30-01ED-4C75-A1BE-AE5D61B0F6B7}
	EndGlobalSection
EndGlobal
